Microsoft Visual Studio Solution File, Format Version 12.00
# Visual Studio Version 17
VisualStudioVersion = 17.5.2.0
MinimumVisualStudioVersion = 10.0.40219.1
Project("{2150E333-8FDC-42A3-9474-1A3956D46DE8}") = "EZFIN backend", "EZFIN backend", "{5E46C069-D82A-E3B1-EBD8-63F2321510CF}"
EndProject
Project("{FAE04EC0-301F-11D3-BF4B-00C04F79EFBC}") = "EzfinBackend", "EZFIN backend\EzfinBackend\EzfinBackend.csproj", "{9C308BE6-2D27-CCA4-BC21-AB6AACAD2E9C}"
EndProject
Global
	GlobalSection(SolutionConfigurationPlatforms) = preSolution
		Debug|Any CPU = Debug|Any CPU
		Release|Any CPU = Release|Any CPU
	EndGlobalSection
	GlobalSection(ProjectConfigurationPlatforms) = postSolution
		{9C308BE6-2D27-CCA4-BC21-AB6AACAD2E9C}.Debug|Any CPU.ActiveCfg = Debug|Any CPU
		{9C308BE6-2D27-CCA4-BC21-AB6AACAD2E9C}.Debug|Any CPU.Build.0 = Debug|Any CPU
		{9C308BE6-2D27-CCA4-BC21-AB6AACAD2E9C}.Release|Any CPU.ActiveCfg = Release|Any CPU
		{9C308BE6-2D27-CCA4-BC21-AB6AACAD2E9C}.Release|Any CPU.Build.0 = Release|Any CPU
	EndGlobalSection
	GlobalSection(SolutionProperties) = preSolution
		HideSolutionNode = FALSE
	EndGlobalSection
	GlobalSection(NestedProjects) = preSolution
		{9C308BE6-2D27-CCA4-BC21-AB6AACAD2E9C} = {5E46C069-D82A-E3B1-EBD8-63F2321510CF}
	EndGlobalSection
	GlobalSection(ExtensibilityGlobals) = postSolution
		SolutionGuid = {5204AF71-FA74-4FB2-A602-18DBADF3A38A}
	EndGlobalSection
EndGlobal
